github.com/sagivO2150/dog v0.0.0-20230723021213-4e4f0c7c848f h1:LwcZd0XPDGwK5Iwrl9WelyCLfvylng0roSAbAAvXMLs=
github.com/sagivO2150/dog v0.0.0-20230723021213-4e4f0c7c848f/go.mod h1:pGdIhQx6hCv30GSn1DonPWC3psvoT1bqCteaT91dpO0=
github.com/sagivO2150/puppy v1.2.0 h1:AnvZLZOuq0R1a7EgnH5/K/UfPyH8B/eYsAUKuWHXtk4=
github.com/sagivO2150/puppy v1.2.0/go.mod h1:qzFvXqKY6OKVRL6uD5BTU1yNeYzsXgpxNx3/Ekkwf8A=
github.com/sagivO2150/puppy v1.4.0 h1:i8hfWsSjdXGuqWc/uVuuMSzrHTuO1fEix75f1bBNdTg=
github.com/sagivO2150/puppy v1.4.0/go.mod h1:qzFvXqKY6OKVRL6uD5BTU1yNeYzsXgpxNx3/Ekkwf8A=
